<?xml version="1.0" encoding="utf-8"?>
<Project ToolsVersion="4.0" xmlns="http://schemas.microsoft.com/developer/msbuild/2003">
  <ItemGroup>
    <ClInclude Include="inc.h" />
    <ClInclude Include="geometry\affine_vector.h">
      <Filter>geometry</Filter>
    </ClInclude>
    <ClInclude Include="geometry\graph.h">
      <Filter>geometry</Filter>
    </ClInclude>
    <ClInclude Include="geometry\gridding.h">
      <Filter>geometry</Filter>
    </ClInclude>
    <ClInclude Include="linear\matrix.h">
      <Filter>linear</Filter>
    </ClInclude>
    <ClInclude Include="linear\square.h">
      <Filter>linear</Filter>
    </ClInclude>
    <ClInclude Include="linear\vector.h">
      <Filter>linear</Filter>
    </ClInclude>
    <ClInclude Include="zgl.h" />
    <ClInclude Include="scene\camera.h">
      <Filter>scene</Filter>
    </ClInclude>
    <ClInclude Include="scene\unit\surface.h">
      <Filter>scene\unit</Filter>
    </ClInclude>
    <ClInclude Include="resource.h" />
    <ClInclude Include="geometry\gridding-implicitly.h">
      <Filter>geometry</Filter>
    </ClInclude>
    <ClInclude Include="geometry\patch.h">
      <Filter>geometry</Filter>
    </ClInclude>
    <ClInclude Include="io\mouse.h">
      <Filter>io</Filter>
    </ClInclude>
    <ClInclude Include="geometry\iterator.h">
      <Filter>geometry</Filter>
    </ClInclude>
    <ClInclude Include="geometry\vec3.h">
      <Filter>geometry</Filter>
    </ClInclude>
    <ClInclude Include="geometry\squ4.h">
      <Filter>geometry</Filter>
    </ClInclude>
    <ClInclude Include="3D\piece.h">
      <Filter>3D</Filter>
    </ClInclude>
    <ClInclude Include="3D\object.h">
      <Filter>3D</Filter>
    </ClInclude>
    <ClInclude Include="3D\vec4.h">
      <Filter>3D</Filter>
    </ClInclude>
    <ClInclude Include="3D\squ4.h">
      <Filter>3D</Filter>
    </ClInclude>
  </ItemGroup>
  <ItemGroup>
    <Filter Include="geometry">
      <UniqueIdentifier>{3d927e97-cdaa-43fd-866b-d44f2b56542f}</UniqueIdentifier>
    </Filter>
    <Filter Include="linear">
      <UniqueIdentifier>{29a6ad06-eb51-48cc-83aa-d8fecd6d8c22}</UniqueIdentifier>
    </Filter>
    <Filter Include="scene">
      <UniqueIdentifier>{0eca7c53-2f7c-4cb4-b4d8-a8c2da838fda}</UniqueIdentifier>
    </Filter>
    <Filter Include="scene\unit">
      <UniqueIdentifier>{61c5b909-093a-4658-a00e-cc90547c50d4}</UniqueIdentifier>
    </Filter>
    <Filter Include="io">
      <UniqueIdentifier>{08405584-6811-4545-9f4b-1ff327a638c8}</UniqueIdentifier>
    </Filter>
    <Filter Include="3D">
      <UniqueIdentifier>{15706e1a-179c-447e-b554-46960d4a16a7}</UniqueIdentifier>
    </Filter>
  </ItemGroup>
  <ItemGroup>
    <ResourceCompile Include="ZGL.rc" />
  </ItemGroup>
</Project>